
Microsoft Visual Studio Solution File, Format Version 12.00
# Visual Studio Version 17
VisualStudioVersion = 17.0.31903.59
MinimumVisualStudioVersion = 10.0.40219.1
Project("{FAE04EC0-301F-11D3-BF4B-00C04F79EFBC}") = "bookshop.domain", "bookshop.domain\bookshop.domain.csproj", "{84AAD595-77E5-4FC6-BD6B-546AC7A16E79}"
EndProject
Project("{FAE04EC0-301F-11D3-BF4B-00C04F79EFBC}") = "bookshop.ui", "bookshop.ui\bookshop.ui.csproj", "{82EE4222-19AF-459D-BD79-6E38CEB6621A}"
EndProject
Project("{FAE04EC0-301F-11D3-BF4B-00C04F79EFBC}") = "bookshop.database", "bookshop.database\bookshop.database.csproj", "{926D0318-2890-4E3B-A03C-ED5CF91746A6}"
EndProject
Global
	GlobalSection(SolutionConfigurationPlatforms) = preSolution
		Debug|Any CPU = Debug|Any CPU
		Release|Any CPU = Release|Any CPU
	EndGlobalSection
	GlobalSection(ProjectConfigurationPlatforms) = postSolution
		{84AAD595-77E5-4FC6-BD6B-546AC7A16E79}.Debug|Any CPU.ActiveCfg = Debug|Any CPU
		{84AAD595-77E5-4FC6-BD6B-546AC7A16E79}.Debug|Any CPU.Build.0 = Debug|Any CPU
		{84AAD595-77E5-4FC6-BD6B-546AC7A16E79}.Release|Any CPU.ActiveCfg = Release|Any CPU
		{84AAD595-77E5-4FC6-BD6B-546AC7A16E79}.Release|Any CPU.Build.0 = Release|Any CPU
		{82EE4222-19AF-459D-BD79-6E38CEB6621A}.Debug|Any CPU.ActiveCfg = Debug|Any CPU
		{82EE4222-19AF-459D-BD79-6E38CEB6621A}.Debug|Any CPU.Build.0 = Debug|Any CPU
		{82EE4222-19AF-459D-BD79-6E38CEB6621A}.Release|Any CPU.ActiveCfg = Release|Any CPU
		{82EE4222-19AF-459D-BD79-6E38CEB6621A}.Release|Any CPU.Build.0 = Release|Any CPU
		{926D0318-2890-4E3B-A03C-ED5CF91746A6}.Debug|Any CPU.ActiveCfg = Debug|Any CPU
		{926D0318-2890-4E3B-A03C-ED5CF91746A6}.Debug|Any CPU.Build.0 = Debug|Any CPU
		{926D0318-2890-4E3B-A03C-ED5CF91746A6}.Release|Any CPU.ActiveCfg = Release|Any CPU
		{926D0318-2890-4E3B-A03C-ED5CF91746A6}.Release|Any CPU.Build.0 = Release|Any CPU
	EndGlobalSection
	GlobalSection(SolutionProperties) = preSolution
		HideSolutionNode = FALSE
	EndGlobalSection
	GlobalSection(ExtensibilityGlobals) = postSolution
		SolutionGuid = {4D97AAFC-C421-4270-A5F1-4B1F97C1B77D}
	EndGlobalSection
EndGlobal
